
Microsoft Visual Studio Solution File, Format Version 12.00
# Visual Studio Version 17
VisualStudioVersion = 17.6.33712.159
MinimumVisualStudioVersion = 10.0.40219.1
Project("{FAE04EC0-301F-11D3-BF4B-00C04F79EFBC}") = "01_Console", "01_Console\01_Console.csproj", "{EB8D6C0E-8B16-4D83-A855-19C5ECCF1FB1}"
EndProject
Global
	GlobalSection(SolutionConfigurationPlatforms) = preSolution
		Debug|Any CPU = Debug|Any CPU
		Release|Any CPU = Release|Any CPU
	EndGlobalSection
	GlobalSection(ProjectConfigurationPlatforms) = postSolution
		{EB8D6C0E-8B16-4D83-A855-19C5ECCF1FB1}.Debug|Any CPU.ActiveCfg = Debug|Any CPU
		{EB8D6C0E-8B16-4D83-A855-19C5ECCF1FB1}.Debug|Any CPU.Build.0 = Debug|Any CPU
		{EB8D6C0E-8B16-4D83-A855-19C5ECCF1FB1}.Release|Any CPU.ActiveCfg = Release|Any CPU
		{EB8D6C0E-8B16-4D83-A855-19C5ECCF1FB1}.Release|Any CPU.Build.0 = Release|Any CPU
	EndGlobalSection
	GlobalSection(SolutionProperties) = preSolution
		HideSolutionNode = FALSE
	EndGlobalSection
	GlobalSection(ExtensibilityGlobals) = postSolution
		SolutionGuid = {83DFB09B-22C4-4E75-B213-62C1F9255341}
	EndGlobalSection
EndGlobal
